// !$*UTF8*$!
{
	archiveVersion = 1;
	classes = {
	};
	objectVersion = 55;
	objects = {

/* Begin PBXBuildFile section */
		3645549E28007F180008FE78 /* libGLEW.2.2.0.dylib in Frameworks */ = {isa = PBXBuildFile; fileRef = 3645549A280042260008FE78 /* libGLEW.2.2.0.dylib */; };
		3645549F28007F260008FE78 /* libglfw.3.3.dylib in Frameworks */ = {isa = PBXBuildFile; fileRef = 36585A5327FDFA3400B8BC49 /* libglfw.3.3.dylib */; };
		364554A028007F3F0008FE78 /* OpenGL.framework in Frameworks */ = {isa = PBXBuildFile; fileRef = 36585A4D27FDF66400B8BC49 /* OpenGL.framework */; };
		36585A4B27FDE89D00B8BC49 /* Application.cpp in Sources */ = {isa = PBXBuildFile; fileRef = 36585A4A27FDE89D00B8BC49 /* Application.cpp */; };
		367B2FFD2806FCEC0029C76F /* Renderer.cpp in Sources */ = {isa = PBXBuildFile; fileRef = 367B2FFB2806FCEC0029C76F /* Renderer.cpp */; };
		367B30002806FDB60029C76F /* VertexBuffer.cpp in Sources */ = {isa = PBXBuildFile; fileRef = 367B2FFE2806FDB60029C76F /* VertexBuffer.cpp */; };
		367B3003280702D00029C76F /* IndexBuffer.cpp in Sources */ = {isa = PBXBuildFile; fileRef = 367B3002280702D00029C76F /* IndexBuffer.cpp */; };
		368D9B25280C794E00F84E42 /* Shader.cpp in Sources */ = {isa = PBXBuildFile; fileRef = 368D9B23280C794E00F84E42 /* Shader.cpp */; };
		36B6D42F280B2B890075AAE5 /* VertexArray.cpp in Sources */ = {isa = PBXBuildFile; fileRef = 36B6D42D280B2B890075AAE5 /* VertexArray.cpp */; };
		36B6D432280B2BAA0075AAE5 /* VertexBufferLayout.cpp in Sources */ = {isa = PBXBuildFile; fileRef = 36B6D430280B2BAA0075AAE5 /* VertexBufferLayout.cpp */; };
/* End PBXBuildFile section */

/* Begin PBXCopyFilesBuildPhase section */
		36585A3D27FDE83E00B8BC49 /* CopyFiles */ = {
			isa = PBXCopyFilesBuildPhase;
			buildActionMask = 2147483647;
			dstPath = /usr/share/man/man1/;
			dstSubfolderSpec = 0;
			files = (
			);
			runOnlyForDeploymentPostprocessing = 1;
		};
/* End PBXCopyFilesBuildPhase section */

/* Begin PBXFileReference section */
		3645549A280042260008FE78 /* libGLEW.2.2.0.dylib */ = {isa = PBXFileReference; lastKnownFileType = "compiled.mach-o.dylib"; name = libGLEW.2.2.0.dylib; path = ../lib/libGLEW.2.2.0.dylib; sourceTree = "<group>"; };
		36585A3F27FDE83E00B8BC49 /* OpenGL */ = {isa = PBXFileReference; explicitFileType = "compiled.mach-o.executable"; includeInIndex = 0; path = OpenGL; sourceTree = BUILT_PRODUCTS_DIR; };
		36585A4A27FDE89D00B8BC49 /* Application.cpp */ = {isa = PBXFileReference; lastKnownFileType = sourcecode.cpp.cpp; path = Application.cpp; sourceTree = "<group>"; };
		36585A4D27FDF66400B8BC49 /* OpenGL.framework */ = {isa = PBXFileReference; lastKnownFileType = wrapper.framework; name = OpenGL.framework; path = System/Library/Frameworks/OpenGL.framework; sourceTree = SDKROOT; };
		36585A4F27FDF7A500B8BC49 /* GLUT.framework */ = {isa = PBXFileReference; lastKnownFileType = wrapper.framework; name = GLUT.framework; path = System/Library/Frameworks/GLUT.framework; sourceTree = SDKROOT; };
		36585A5127FDFA2500B8BC49 /* OpenGL_Object */ = {isa = PBXFileReference; lastKnownFileType = folder; name = OpenGL_Object; path = ..; sourceTree = "<group>"; };
		36585A5327FDFA3400B8BC49 /* libglfw.3.3.dylib */ = {isa = PBXFileReference; lastKnownFileType = "compiled.mach-o.dylib"; name = libglfw.3.3.dylib; path = ../lib/libglfw.3.3.dylib; sourceTree = "<group>"; };
		367B2FFB2806FCEC0029C76F /* Renderer.cpp */ = {isa = PBXFileReference; lastKnownFileType = sourcecode.cpp.cpp; path = Renderer.cpp; sourceTree = "<group>"; };
		367B2FFC2806FCEC0029C76F /* Renderer.hpp */ = {isa = PBXFileReference; lastKnownFileType = sourcecode.cpp.h; path = Renderer.hpp; sourceTree = "<group>"; };
		367B2FFE2806FDB60029C76F /* VertexBuffer.cpp */ = {isa = PBXFileReference; lastKnownFileType = sourcecode.cpp.cpp; path = VertexBuffer.cpp; sourceTree = "<group>"; };
		367B2FFF2806FDB60029C76F /* VertexBuffer.hpp */ = {isa = PBXFileReference; lastKnownFileType = sourcecode.cpp.h; path = VertexBuffer.hpp; sourceTree = "<group>"; };
		367B3001280702D00029C76F /* IndexBuffer.hpp */ = {isa = PBXFileReference; fileEncoding = 4; lastKnownFileType = sourcecode.cpp.h; path = IndexBuffer.hpp; sourceTree = "<group>"; };
		367B3002280702D00029C76F /* IndexBuffer.cpp */ = {isa = PBXFileReference; fileEncoding = 4; lastKnownFileType = sourcecode.cpp.cpp; path = IndexBuffer.cpp; sourceTree = "<group>"; };
		36843B25280327E60064D55A /* Basic.shader */ = {isa = PBXFileReference; lastKnownFileType = text; path = Basic.shader; sourceTree = "<group>"; };
		368D9B23280C794E00F84E42 /* Shader.cpp */ = {isa = PBXFileReference; lastKnownFileType = sourcecode.cpp.cpp; path = Shader.cpp; sourceTree = "<group>"; };
		368D9B24280C794E00F84E42 /* Shader.hpp */ = {isa = PBXFileReference; lastKnownFileType = sourcecode.cpp.h; path = Shader.hpp; sourceTree = "<group>"; };
		36B6D42D280B2B890075AAE5 /* VertexArray.cpp */ = {isa = PBXFileReference; lastKnownFileType = sourcecode.cpp.cpp; path = VertexArray.cpp; sourceTree = "<group>"; };
		36B6D42E280B2B890075AAE5 /* VertexArray.hpp */ = {isa = PBXFileReference; lastKnownFileType = sourcecode.cpp.h; path = VertexArray.hpp; sourceTree = "<group>"; };
		36B6D430280B2BAA0075AAE5 /* VertexBufferLayout.cpp */ = {isa = PBXFileReference; lastKnownFileType = sourcecode.cpp.cpp; path = VertexBufferLayout.cpp; sourceTree = "<group>"; };
		36B6D431280B2BAA0075AAE5 /* VertexBufferLayout.hpp */ = {isa = PBXFileReference; lastKnownFileType = sourcecode.cpp.h; path = VertexBufferLayout.hpp; sourceTree = "<group>"; };
/* End PBXFileReference section */

/* Begin PBXFrameworksBuildPhase section */
		36585A3C27FDE83E00B8BC49 /* Frameworks */ = {
			isa = PBXFrameworksBuildPhase;
			buildActionMask = 2147483647;
			files = (
				364554A028007F3F0008FE78 /* OpenGL.framework in Frameworks */,
				3645549F28007F260008FE78 /* libglfw.3.3.dylib in Frameworks */,
				3645549E28007F180008FE78 /* libGLEW.2.2.0.dylib in Frameworks */,
			);
			runOnlyForDeploymentPostprocessing = 0;
		};
/* End PBXFrameworksBuildPhase section */

/* Begin PBXGroup section */
		36585A3627FDE83D00B8BC49 = {
			isa = PBXGroup;
			children = (
				36585A4127FDE83E00B8BC49 /* OpenGL */,
				36585A4027FDE83E00B8BC49 /* Products */,
				36585A4C27FDF66300B8BC49 /* Frameworks */,
			);
			sourceTree = "<group>";
		};
		36585A4027FDE83E00B8BC49 /* Products */ = {
			isa = PBXGroup;
			children = (
				36585A3F27FDE83E00B8BC49 /* OpenGL */,
			);
			name = Products;
			sourceTree = "<group>";
		};
		36585A4127FDE83E00B8BC49 /* OpenGL */ = {
			isa = PBXGroup;
			children = (
				36843B1F28031C1E0064D55A /* res */,
				36585A4927FDE87600B8BC49 /* src */,
			);
			path = OpenGL;
			sourceTree = "<group>";
		};
		36585A4927FDE87600B8BC49 /* src */ = {
			isa = PBXGroup;
			children = (
				367B3002280702D00029C76F /* IndexBuffer.cpp */,
				367B3001280702D00029C76F /* IndexBuffer.hpp */,
				36585A4A27FDE89D00B8BC49 /* Application.cpp */,
				367B2FFB2806FCEC0029C76F /* Renderer.cpp */,
				367B2FFC2806FCEC0029C76F /* Renderer.hpp */,
				367B2FFE2806FDB60029C76F /* VertexBuffer.cpp */,
				367B2FFF2806FDB60029C76F /* VertexBuffer.hpp */,
				36B6D42D280B2B890075AAE5 /* VertexArray.cpp */,
				36B6D42E280B2B890075AAE5 /* VertexArray.hpp */,
				36B6D430280B2BAA0075AAE5 /* VertexBufferLayout.cpp */,
				36B6D431280B2BAA0075AAE5 /* VertexBufferLayout.hpp */,
				368D9B23280C794E00F84E42 /* Shader.cpp */,
				368D9B24280C794E00F84E42 /* Shader.hpp */,
			);
			path = src;
			sourceTree = "<group>";
		};
		36585A4C27FDF66300B8BC49 /* Frameworks */ = {
			isa = PBXGroup;
			children = (
				3645549A280042260008FE78 /* libGLEW.2.2.0.dylib */,
				36585A5327FDFA3400B8BC49 /* libglfw.3.3.dylib */,
				36585A5127FDFA2500B8BC49 /* OpenGL_Object */,
				36585A4F27FDF7A500B8BC49 /* GLUT.framework */,
				36585A4D27FDF66400B8BC49 /* OpenGL.framework */,
			);
			name = Frameworks;
			sourceTree = "<group>";
		};
		36843B1F28031C1E0064D55A /* res */ = {
			isa = PBXGroup;
			children = (
				36843B2028031C270064D55A /* shaders */,
			);
			path = res;
			sourceTree = "<group>";
		};
		36843B2028031C270064D55A /* shaders */ = {
			isa = PBXGroup;
			children = (
				36843B25280327E60064D55A /* Basic.shader */,
			);
			path = shaders;
			sourceTree = "<group>";
		};
/* End PBXGroup section */

/* Begin PBXNativeTarget section */
		36585A3E27FDE83E00B8BC49 /* OpenGL */ = {
			isa = PBXNativeTarget;
			buildConfigurationList = 36585A4627FDE83E00B8BC49 /* Build configuration list for PBXNativeTarget "OpenGL" */;
			buildPhases = (
				36585A3B27FDE83E00B8BC49 /* Sources */,
				36585A3C27FDE83E00B8BC49 /* Frameworks */,
				36585A3D27FDE83E00B8BC49 /* CopyFiles */,
			);
			buildRules = (
			);
			dependencies = (
			);
			name = OpenGL;
			productName = OpenGL;
			productReference = 36585A3F27FDE83E00B8BC49 /* OpenGL */;
			productType = "com.apple.product-type.tool";
		};
/* End PBXNativeTarget section */

/* Begin PBXProject section */
		36585A3727FDE83D00B8BC49 /* Project object */ = {
			isa = PBXProject;
			attributes = {
				BuildIndependentTargetsInParallel = 1;
				LastUpgradeCheck = 1330;
				TargetAttributes = {
					36585A3E27FDE83E00B8BC49 = {
						CreatedOnToolsVersion = 13.3;
					};
				};
			};
			buildConfigurationList = 36585A3A27FDE83D00B8BC49 /* Build configuration list for PBXProject "OpenGL" */;
			compatibilityVersion = "Xcode 13.0";
			developmentRegion = en;
			hasScannedForEncodings = 0;
			knownRegions = (
				en,
				Base,
			);
			mainGroup = 36585A3627FDE83D00B8BC49;
			productRefGroup = 36585A4027FDE83E00B8BC49 /* Products */;
			projectDirPath = "";
			projectRoot = "";
			targets = (
				36585A3E27FDE83E00B8BC49 /* OpenGL */,
			);
		};
/* End PBXProject section */

/* Begin PBXSourcesBuildPhase section */
		36585A3B27FDE83E00B8BC49 /* Sources */ = {
			isa = PBXSourcesBuildPhase;
			buildActionMask = 2147483647;
			files = (
				367B2FFD2806FCEC0029C76F /* Renderer.cpp in Sources */,
				36B6D432280B2BAA0075AAE5 /* VertexBufferLayout.cpp in Sources */,
				36585A4B27FDE89D00B8BC49 /* Application.cpp in Sources */,
				367B3003280702D00029C76F /* IndexBuffer.cpp in Sources */,
				368D9B25280C794E00F84E42 /* Shader.cpp in Sources */,
				36B6D42F280B2B890075AAE5 /* VertexArray.cpp in Sources */,
				367B30002806FDB60029C76F /* VertexBuffer.cpp in Sources */,
			);
			runOnlyForDeploymentPostprocessing = 0;
		};
/* End PBXSourcesBuildPhase section */

/* Begin XCBuildConfiguration section */
		36585A4427FDE83E00B8BC49 /* Debug */ = {
			isa = XCBuildConfiguration;
			buildSettings = {
				ALWAYS_SEARCH_USER_PATHS = NO;
				CLANG_ANALYZER_NONNULL = YES;
				CLANG_ANALYZER_NUMBER_OBJECT_CONVERSION = YES_AGGRESSIVE;
				CLANG_CXX_LANGUAGE_STANDARD = "gnu++17";
				CLANG_ENABLE_MODULES = YES;
				CLANG_ENABLE_OBJC_ARC = YES;
				CLANG_ENABLE_OBJC_WEAK = YES;
				CLANG_WARN_BLOCK_CAPTURE_AUTORELEASING = YES;
				CLANG_WARN_BOOL_CONVERSION = YES;
				CLANG_WARN_COMMA = YES;
				CLANG_WARN_CONSTANT_CONVERSION = YES;
				CLANG_WARN_DEPRECATED_OBJC_IMPLEMENTATIONS = YES;
				CLANG_WARN_DIRECT_OBJC_ISA_USAGE = YES_ERROR;
				CLANG_WARN_DOCUMENTATION_COMMENTS = YES;
				CLANG_WARN_EMPTY_BODY = YES;
				CLANG_WARN_ENUM_CONVERSION = YES;
				CLANG_WARN_INFINITE_RECURSION = YES;
				CLANG_WARN_INT_CONVERSION = YES;
				CLANG_WARN_NON_LITERAL_NULL_CONVERSION = YES;
				CLANG_WARN_OBJC_IMPLICIT_RETAIN_SELF = YES;
				CLANG_WARN_OBJC_LITERAL_CONVERSION = YES;
				CLANG_WARN_OBJC_ROOT_CLASS = YES_ERROR;
				CLANG_WARN_QUOTED_INCLUDE_IN_FRAMEWORK_HEADER = YES;
				CLANG_WARN_RANGE_LOOP_ANALYSIS = YES;
				CLANG_WARN_STRICT_PROTOTYPES = YES;
				CLANG_WARN_SUSPICIOUS_MOVE = YES;
				CLANG_WARN_UNGUARDED_AVAILABILITY = YES_AGGRESSIVE;
				CLANG_WARN_UNREACHABLE_CODE = YES;
				CLANG_WARN__DUPLICATE_METHOD_MATCH = YES;
				COPY_PHASE_STRIP = NO;
				DEBUG_INFORMATION_FORMAT = dwarf;
				ENABLE_STRICT_OBJC_MSGSEND = YES;
				ENABLE_TESTABILITY = YES;
				GCC_C_LANGUAGE_STANDARD = gnu11;
				GCC_DYNAMIC_NO_PIC = NO;
				GCC_NO_COMMON_BLOCKS = YES;
				GCC_OPTIMIZATION_LEVEL = 0;
				GCC_PREPROCESSOR_DEFINITIONS = (
					"DEBUG=1",
					"$(inherited)",
				);
				GCC_WARN_64_TO_32_BIT_CONVERSION = YES;
				GCC_WARN_ABOUT_RETURN_TYPE = YES_ERROR;
				GCC_WARN_UNDECLARED_SELECTOR = YES;
				GCC_WARN_UNINITIALIZED_AUTOS = YES_AGGRESSIVE;
				GCC_WARN_UNUSED_FUNCTION = YES;
				GCC_WARN_UNUSED_VARIABLE = YES;
				MACOSX_DEPLOYMENT_TARGET = 12.2;
				MTL_ENABLE_DEBUG_INFO = INCLUDE_SOURCE;
				MTL_FAST_MATH = YES;
				ONLY_ACTIVE_ARCH = YES;
				SDKROOT = macosx;
				VALIDATE_WORKSPACE = NO;
			};
			name = Debug;
		};
		36585A4527FDE83E00B8BC49 /* Release */ = {
			isa = XCBuildConfiguration;
			buildSettings = {
				ALWAYS_SEARCH_USER_PATHS = NO;
				CLANG_ANALYZER_NONNULL = YES;
				CLANG_ANALYZER_NUMBER_OBJECT_CONVERSION = YES_AGGRESSIVE;
				CLANG_CXX_LANGUAGE_STANDARD = "gnu++17";
				CLANG_ENABLE_MODULES = YES;
				CLANG_ENABLE_OBJC_ARC = YES;
				CLANG_ENABLE_OBJC_WEAK = YES;
				CLANG_WARN_BLOCK_CAPTURE_AUTORELEASING = YES;
				CLANG_WARN_BOOL_CONVERSION = YES;
				CLANG_WARN_COMMA = YES;
				CLANG_WARN_CONSTANT_CONVERSION = YES;
				CLANG_WARN_DEPRECATED_OBJC_IMPLEMENTATIONS = YES;
				CLANG_WARN_DIRECT_OBJC_ISA_USAGE = YES_ERROR;
				CLANG_WARN_DOCUMENTATION_COMMENTS = YES;
				CLANG_WARN_EMPTY_BODY = YES;
				CLANG_WARN_ENUM_CONVERSION = YES;
				CLANG_WARN_INFINITE_RECURSION = YES;
				CLANG_WARN_INT_CONVERSION = YES;
				CLANG_WARN_NON_LITERAL_NULL_CONVERSION = YES;
				CLANG_WARN_OBJC_IMPLICIT_RETAIN_SELF = YES;
				CLANG_WARN_OBJC_LITERAL_CONVERSION = YES;
				CLANG_WARN_OBJC_ROOT_CLASS = YES_ERROR;
				CLANG_WARN_QUOTED_INCLUDE_IN_FRAMEWORK_HEADER = YES;
				CLANG_WARN_RANGE_LOOP_ANALYSIS = YES;
				CLANG_WARN_STRICT_PROTOTYPES = YES;
				CLANG_WARN_SUSPICIOUS_MOVE = YES;
				CLANG_WARN_UNGUARDED_AVAILABILITY = YES_AGGRESSIVE;
				CLANG_WARN_UNREACHABLE_CODE = YES;
				CLANG_WARN__DUPLICATE_METHOD_MATCH = YES;
				COPY_PHASE_STRIP = NO;
				DEBUG_INFORMATION_FORMAT = "dwarf-with-dsym";
				ENABLE_NS_ASSERTIONS = NO;
				ENABLE_STRICT_OBJC_MSGSEND = YES;
				GCC_C_LANGUAGE_STANDARD = gnu11;
				GCC_NO_COMMON_BLOCKS = YES;
				GCC_WARN_64_TO_32_BIT_CONVERSION = YES;
				GCC_WARN_ABOUT_RETURN_TYPE = YES_ERROR;
				GCC_WARN_UNDECLARED_SELECTOR = YES;
				GCC_WARN_UNINITIALIZED_AUTOS = YES_AGGRESSIVE;
				GCC_WARN_UNUSED_FUNCTION = YES;
				GCC_WARN_UNUSED_VARIABLE = YES;
				MACOSX_DEPLOYMENT_TARGET = 12.2;
				MTL_ENABLE_DEBUG_INFO = NO;
				MTL_FAST_MATH = YES;
				SDKROOT = macosx;
				VALIDATE_WORKSPACE = NO;
			};
			name = Release;
		};
		36585A4727FDE83E00B8BC49 /* Debug */ = {
			isa = XCBuildConfiguration;
			buildSettings = {
				CODE_SIGN_STYLE = Automatic;
				HEADER_SEARCH_PATHS = (
					"<Multiple",
					"values>",
					/usr/local/bin,
				);
				"HEADER_SEARCH_PATHS[arch=*]" = (
					/usr/local/Cellar/glew/2.2.0_1/include,
					/usr/local/Cellar/glfw/3.3.6/include,
				);
				"LIBRARY_SEARCH_PATHS[arch=*]" = (
					/usr/local/Cellar/glew/2.2.0_1/lib,
					/usr/local/Cellar/glfw/3.3.6/lib,
				);
				PRODUCT_NAME = "$(TARGET_NAME)";
			};
			name = Debug;
		};
		36585A4827FDE83E00B8BC49 /* Release */ = {
			isa = XCBuildConfiguration;
			buildSettings = {
				CODE_SIGN_STYLE = Automatic;
				HEADER_SEARCH_PATHS = (
					"<Multiple",
					"values>",
					usr/local/bin,
				);
				"HEADER_SEARCH_PATHS[arch=*]" = (
					/usr/local/Cellar/glew/2.2.0_1/include/,
					/usr/local/Cellar/glfw/3.3.6/include/,
				);
				"LIBRARY_SEARCH_PATHS[arch=*]" = (
					/usr/local/Cellar/glfw/3.3.6/lib/,
					/usr/local/Cellar/glew/2.2.0_1/lib/,
				);
				PRODUCT_NAME = "$(TARGET_NAME)";
			};
			name = Release;
		};
/* End XCBuildConfiguration section */

/* Begin XCConfigurationList section */
		36585A3A27FDE83D00B8BC49 /* Build configuration list for PBXProject "OpenGL" */ = {
			isa = XCConfigurationList;
			buildConfigurations = (
				36585A4427FDE83E00B8BC49 /* Debug */,
				36585A4527FDE83E00B8BC49 /* Release */,
			);
			defaultConfigurationIsVisible = 0;
			defaultConfigurationName = Release;
		};
		36585A4627FDE83E00B8BC49 /* Build configuration list for PBXNativeTarget "OpenGL" */ = {
			isa = XCConfigurationList;
			buildConfigurations = (
				36585A4727FDE83E00B8BC49 /* Debug */,
				36585A4827FDE83E00B8BC49 /* Release */,
			);
			defaultConfigurationIsVisible = 0;
			defaultConfigurationName = Release;
		};
/* End XCConfigurationList section */
	};
	rootObject = 36585A3727FDE83D00B8BC49 /* Project object */;
}
